<?xml version="1.0" encoding="utf-8"?>
<Project ToolsVersion="4.0" xmlns="http://schemas.microsoft.com/developer/msbuild/2003">
  <ItemGroup>
    <Filter Include="video">
      <UniqueIdentifier>{fb1efcbe-02bc-4173-b950-e42872d48ffe}</UniqueIdentifier>
    </Filter>
  </ItemGroup>
  <ItemGroup>
    <ClInclude Include="..\CrossAppExt.h" />
    <ClInclude Include="..\ExtensionMacros.h" />
    <ClInclude Include="..\video\CAVideoPlayerControlView.h">
      <Filter>video</Filter>
    </ClInclude>
    <ClInclude Include="..\video\CAVideoPlayerDecoder.h">
      <Filter>video</Filter>
    </ClInclude>
    <ClInclude Include="..\video\CAVideoPlayerRender.h">
      <Filter>video</Filter>
    </ClInclude>
    <ClInclude Include="..\video\CAVideoPlayerView.h">
      <Filter>video</Filter>
    </ClInclude>
  </ItemGroup>
  <ItemGroup>
    <ClCompile Include="..\video\CAVideoPlayerControlView.cpp">
      <Filter>video</Filter>
    </ClCompile>
    <ClCompile Include="..\video\CAVideoPlayerDecoder.cpp">
      <Filter>video</Filter>
    </ClCompile>
    <ClCompile Include="..\video\CAVideoPlayerRender.cpp">
      <Filter>video</Filter>
    </ClCompile>
    <ClCompile Include="..\video\CAVideoPlayerView.cpp">
      <Filter>video</Filter>
    </ClCompile>
  </ItemGroup>
</Project>